
Microsoft Visual Studio Solution File, Format Version 12.00
# Visual Studio Version 16
VisualStudioVersion = 16.0.31729.503
MinimumVisualStudioVersion = 10.0.40219.1
Project("{8BC9CEB8-8B4A-11D0-8D11-00A0C91BC942}") = "leaf2", "leaf2\leaf2.vcxproj", "{C5A621EF-2FDA-4DFE-BA03-91472AC7DDCE}"
EndProject
Global
	GlobalSection(SolutionConfigurationPlatforms) = preSolution
		Debug|x64 = Debug|x64
		Debug|x86 = Debug|x86
		Release|x64 = Release|x64
		Release|x86 = Release|x86
	EndGlobalSection
	GlobalSection(ProjectConfigurationPlatforms) = postSolution
		{C5A621EF-2FDA-4DFE-BA03-91472AC7DDCE}.Debug|x64.ActiveCfg = Debug|x64
		{C5A621EF-2FDA-4DFE-BA03-91472AC7DDCE}.Debug|x64.Build.0 = Debug|x64
		{C5A621EF-2FDA-4DFE-BA03-91472AC7DDCE}.Debug|x86.ActiveCfg = Debug|Win32
		{C5A621EF-2FDA-4DFE-BA03-91472AC7DDCE}.Debug|x86.Build.0 = Debug|Win32
		{C5A621EF-2FDA-4DFE-BA03-91472AC7DDCE}.Release|x64.ActiveCfg = Release|x64
		{C5A621EF-2FDA-4DFE-BA03-91472AC7DDCE}.Release|x64.Build.0 = Release|x64
		{C5A621EF-2FDA-4DFE-BA03-91472AC7DDCE}.Release|x86.ActiveCfg = Release|Win32
		{C5A621EF-2FDA-4DFE-BA03-91472AC7DDCE}.Release|x86.Build.0 = Release|Win32
	EndGlobalSection
	GlobalSection(SolutionProperties) = preSolution
		HideSolutionNode = FALSE
	EndGlobalSection
	GlobalSection(ExtensibilityGlobals) = postSolution
		SolutionGuid = {B81856FB-BFA3-47BC-8F3C-CCB96EAAD38D}
	EndGlobalSection
EndGlobal
